
Microsoft Visual Studio Solution File, Format Version 12.00
# Visual Studio Version 17
VisualStudioVersion = 17.0.31717.71
MinimumVisualStudioVersion = 10.0.40219.1
Project("{9A19103F-16F7-4668-BE54-9A1E7A4F7556}") = "KJStevo", "KJStevo.csproj", "{F8840780-C404-476F-8F4C-8DE996E29666}"
EndProject
Global
	GlobalSection(SolutionConfigurationPlatforms) = preSolution
		Debug|Any CPU = Debug|Any CPU
		Release|Any CPU = Release|Any CPU
	EndGlobalSection
	GlobalSection(ProjectConfigurationPlatforms) = postSolution
		{F8840780-C404-476F-8F4C-8DE996E29666}.Debug|Any CPU.ActiveCfg = Debug|Any CPU
		{F8840780-C404-476F-8F4C-8DE996E29666}.Debug|Any CPU.Build.0 = Debug|Any CPU
		{F8840780-C404-476F-8F4C-8DE996E29666}.Release|Any CPU.ActiveCfg = Release|Any CPU
		{F8840780-C404-476F-8F4C-8DE996E29666}.Release|Any CPU.Build.0 = Release|Any CPU
	EndGlobalSection
	GlobalSection(SolutionProperties) = preSolution
		HideSolutionNode = FALSE
	EndGlobalSection
	GlobalSection(ExtensibilityGlobals) = postSolution
		SolutionGuid = {67168191-A649-447B-8E9C-90C750CA4D01}
	EndGlobalSection
EndGlobal